
Microsoft Visual Studio Solution File, Format Version 12.00
# Visual Studio Version 17
VisualStudioVersion = 17.0.31903.59
MinimumVisualStudioVersion = 10.0.40219.1
Project("{FAE04EC0-301F-11D3-BF4B-00C04F79EFBC}") = "Blazor", "Blazor\Blazor.csproj", "{60D4DFD4-5133-4561-8319-5F004529E2D5}"
EndProject
Project("{FAE04EC0-301F-11D3-BF4B-00C04F79EFBC}") = "Core", "Core\Core.csproj", "{D5676D35-E85E-46C2-BC58-6BCBD9434C01}"
EndProject
Project("{FAE04EC0-301F-11D3-BF4B-00C04F79EFBC}") = "Test", "Test\Test.csproj", "{61064C24-F18F-4A03-9B8B-DF8A50ED2780}"
EndProject
Project("{FAE04EC0-301F-11D3-BF4B-00C04F79EFBC}") = "Api", "Api\Api.csproj", "{E673252B-D778-4E12-8814-7FFB1EC27006}"
EndProject
Project("{FAE04EC0-301F-11D3-BF4B-00C04F79EFBC}") = "BlazorStandAlone", "BlazorStandAlone\BlazorStandAlone.csproj", "{5E190577-51E8-4525-950F-96B31B43338A}"
EndProject
Global
	GlobalSection(SolutionConfigurationPlatforms) = preSolution
		Debug|Any CPU = Debug|Any CPU
		Release|Any CPU = Release|Any CPU
	EndGlobalSection
	GlobalSection(ProjectConfigurationPlatforms) = postSolution
		{60D4DFD4-5133-4561-8319-5F004529E2D5}.Debug|Any CPU.ActiveCfg = Debug|Any CPU
		{60D4DFD4-5133-4561-8319-5F004529E2D5}.Debug|Any CPU.Build.0 = Debug|Any CPU
		{60D4DFD4-5133-4561-8319-5F004529E2D5}.Release|Any CPU.ActiveCfg = Release|Any CPU
		{60D4DFD4-5133-4561-8319-5F004529E2D5}.Release|Any CPU.Build.0 = Release|Any CPU
		{D5676D35-E85E-46C2-BC58-6BCBD9434C01}.Debug|Any CPU.ActiveCfg = Debug|Any CPU
		{D5676D35-E85E-46C2-BC58-6BCBD9434C01}.Debug|Any CPU.Build.0 = Debug|Any CPU
		{D5676D35-E85E-46C2-BC58-6BCBD9434C01}.Release|Any CPU.ActiveCfg = Release|Any CPU
		{D5676D35-E85E-46C2-BC58-6BCBD9434C01}.Release|Any CPU.Build.0 = Release|Any CPU
		{61064C24-F18F-4A03-9B8B-DF8A50ED2780}.Debug|Any CPU.ActiveCfg = Debug|Any CPU
		{61064C24-F18F-4A03-9B8B-DF8A50ED2780}.Debug|Any CPU.Build.0 = Debug|Any CPU
		{61064C24-F18F-4A03-9B8B-DF8A50ED2780}.Release|Any CPU.ActiveCfg = Release|Any CPU
		{61064C24-F18F-4A03-9B8B-DF8A50ED2780}.Release|Any CPU.Build.0 = Release|Any CPU
		{E673252B-D778-4E12-8814-7FFB1EC27006}.Debug|Any CPU.ActiveCfg = Debug|Any CPU
		{E673252B-D778-4E12-8814-7FFB1EC27006}.Debug|Any CPU.Build.0 = Debug|Any CPU
		{E673252B-D778-4E12-8814-7FFB1EC27006}.Release|Any CPU.ActiveCfg = Release|Any CPU
		{E673252B-D778-4E12-8814-7FFB1EC27006}.Release|Any CPU.Build.0 = Release|Any CPU
		{5E190577-51E8-4525-950F-96B31B43338A}.Debug|Any CPU.ActiveCfg = Debug|Any CPU
		{5E190577-51E8-4525-950F-96B31B43338A}.Debug|Any CPU.Build.0 = Debug|Any CPU
		{5E190577-51E8-4525-950F-96B31B43338A}.Release|Any CPU.ActiveCfg = Release|Any CPU
		{5E190577-51E8-4525-950F-96B31B43338A}.Release|Any CPU.Build.0 = Release|Any CPU
	EndGlobalSection
	GlobalSection(SolutionProperties) = preSolution
		HideSolutionNode = FALSE
	EndGlobalSection
	GlobalSection(ExtensibilityGlobals) = postSolution
		SolutionGuid = {A598452F-483D-4270-8D21-CBD81638682E}
	EndGlobalSection
EndGlobal
